
Microsoft Visual Studio Solution File, Format Version 12.00
# Visual Studio 2013
VisualStudioVersion = 12.0.21005.1
MinimumVisualStudioVersion = 10.0.40219.1
Project("{FAE04EC0-301F-11D3-BF4B-00C04F79EFBC}") = "QuickVoter", "QuickVoter\QuickVoter.csproj", "{40514EC8-0605-40F2-821B-ADA588AA2A90}"
EndProject
Project("{2150E333-8FDC-42A3-9474-1A3956D46DE8}") = ".nuget", ".nuget", "{B5A2D851-48FB-4321-BA39-3E5A63F20D17}"
	ProjectSection(SolutionItems) = preProject
		.nuget\NuGet.Config = .nuget\NuGet.Config
		.nuget\NuGet.exe = .nuget\NuGet.exe
		.nuget\NuGet.targets = .nuget\NuGet.targets
	EndProjectSection
EndProject
Global
	GlobalSection(SolutionConfigurationPlatforms) = preSolution
		Debug|Any CPU = Debug|Any CPU
		Release|Any CPU = Release|Any CPU
	EndGlobalSection
	GlobalSection(ProjectConfigurationPlatforms) = postSolution
		{40514EC8-0605-40F2-821B-ADA588AA2A90}.Debug|Any CPU.ActiveCfg = Debug|Any CPU
		{40514EC8-0605-40F2-821B-ADA588AA2A90}.Debug|Any CPU.Build.0 = Debug|Any CPU
		{40514EC8-0605-40F2-821B-ADA588AA2A90}.Release|Any CPU.ActiveCfg = Release|Any CPU
		{40514EC8-0605-40F2-821B-ADA588AA2A90}.Release|Any CPU.Build.0 = Release|Any CPU
	EndGlobalSection
	GlobalSection(SolutionProperties) = preSolution
		HideSolutionNode = FALSE
	EndGlobalSection
EndGlobal
